
Microsoft Visual Studio Solution File, Format Version 12.00
# Visual Studio Version 17
VisualStudioVersion = 17.8.34330.188
MinimumVisualStudioVersion = 10.0.40219.1
Project("{9A19103F-16F7-4668-BE54-9A1E7A4F7556}") = "Interfaces", "INTERFACES\Interfaces.csproj", "{19308401-4EC5-4FC0-AA8D-82D82597B635}"
EndProject
Project("{9A19103F-16F7-4668-BE54-9A1E7A4F7556}") = "Core", "Core\Core.csproj", "{E468B098-3C05-43C8-8F99-57B9465CE167}"
EndProject
Project("{9A19103F-16F7-4668-BE54-9A1E7A4F7556}") = "DAOMock", "DAOMock\DAOMock.csproj", "{142CDDA3-584F-427F-9675-1C5992D48785}"
EndProject
Project("{9A19103F-16F7-4668-BE54-9A1E7A4F7556}") = "DAOSQL", "DAOSQL\DAOSQL.csproj", "{68449140-7919-4897-B73B-03E5B2D581CA}"
	ProjectSection(ProjectDependencies) = postProject
		{19308401-4EC5-4FC0-AA8D-82D82597B635} = {19308401-4EC5-4FC0-AA8D-82D82597B635}
	EndProjectSection
EndProject
Project("{9A19103F-16F7-4668-BE54-9A1E7A4F7556}") = "BLC", "BLC\BLC.csproj", "{44A14F6D-6437-43D4-80C2-D4708C189ED0}"
	ProjectSection(ProjectDependencies) = postProject
		{142CDDA3-584F-427F-9675-1C5992D48785} = {142CDDA3-584F-427F-9675-1C5992D48785}
		{68449140-7919-4897-B73B-03E5B2D581CA} = {68449140-7919-4897-B73B-03E5B2D581CA}
	EndProjectSection
EndProject
Project("{9A19103F-16F7-4668-BE54-9A1E7A4F7556}") = "UI", "UI\UI.csproj", "{1A7DC81D-E12B-4BE9-B871-63BCCB3DCD4F}"
EndProject
Project("{9A19103F-16F7-4668-BE54-9A1E7A4F7556}") = "WEB", "WEB\WEB.csproj", "{4545B88F-2368-45FB-9A93-AFC934FE6967}"
EndProject
Global
	GlobalSection(SolutionConfigurationPlatforms) = preSolution
		Debug|Any CPU = Debug|Any CPU
		Release|Any CPU = Release|Any CPU
	EndGlobalSection
	GlobalSection(ProjectConfigurationPlatforms) = postSolution
		{19308401-4EC5-4FC0-AA8D-82D82597B635}.Debug|Any CPU.ActiveCfg = Debug|Any CPU
		{19308401-4EC5-4FC0-AA8D-82D82597B635}.Debug|Any CPU.Build.0 = Debug|Any CPU
		{19308401-4EC5-4FC0-AA8D-82D82597B635}.Release|Any CPU.ActiveCfg = Release|Any CPU
		{19308401-4EC5-4FC0-AA8D-82D82597B635}.Release|Any CPU.Build.0 = Release|Any CPU
		{E468B098-3C05-43C8-8F99-57B9465CE167}.Debug|Any CPU.ActiveCfg = Debug|Any CPU
		{E468B098-3C05-43C8-8F99-57B9465CE167}.Debug|Any CPU.Build.0 = Debug|Any CPU
		{E468B098-3C05-43C8-8F99-57B9465CE167}.Release|Any CPU.ActiveCfg = Release|Any CPU
		{E468B098-3C05-43C8-8F99-57B9465CE167}.Release|Any CPU.Build.0 = Release|Any CPU
		{142CDDA3-584F-427F-9675-1C5992D48785}.Debug|Any CPU.ActiveCfg = Debug|Any CPU
		{142CDDA3-584F-427F-9675-1C5992D48785}.Debug|Any CPU.Build.0 = Debug|Any CPU
		{142CDDA3-584F-427F-9675-1C5992D48785}.Release|Any CPU.ActiveCfg = Release|Any CPU
		{142CDDA3-584F-427F-9675-1C5992D48785}.Release|Any CPU.Build.0 = Release|Any CPU
		{68449140-7919-4897-B73B-03E5B2D581CA}.Debug|Any CPU.ActiveCfg = Debug|Any CPU
		{68449140-7919-4897-B73B-03E5B2D581CA}.Debug|Any CPU.Build.0 = Debug|Any CPU
		{68449140-7919-4897-B73B-03E5B2D581CA}.Release|Any CPU.ActiveCfg = Release|Any CPU
		{68449140-7919-4897-B73B-03E5B2D581CA}.Release|Any CPU.Build.0 = Release|Any CPU
		{44A14F6D-6437-43D4-80C2-D4708C189ED0}.Debug|Any CPU.ActiveCfg = Debug|Any CPU
		{44A14F6D-6437-43D4-80C2-D4708C189ED0}.Debug|Any CPU.Build.0 = Debug|Any CPU
		{44A14F6D-6437-43D4-80C2-D4708C189ED0}.Release|Any CPU.ActiveCfg = Release|Any CPU
		{44A14F6D-6437-43D4-80C2-D4708C189ED0}.Release|Any CPU.Build.0 = Release|Any CPU
		{1A7DC81D-E12B-4BE9-B871-63BCCB3DCD4F}.Debug|Any CPU.ActiveCfg = Debug|Any CPU
		{1A7DC81D-E12B-4BE9-B871-63BCCB3DCD4F}.Debug|Any CPU.Build.0 = Debug|Any CPU
		{1A7DC81D-E12B-4BE9-B871-63BCCB3DCD4F}.Release|Any CPU.ActiveCfg = Release|Any CPU
		{1A7DC81D-E12B-4BE9-B871-63BCCB3DCD4F}.Release|Any CPU.Build.0 = Release|Any CPU
		{4545B88F-2368-45FB-9A93-AFC934FE6967}.Debug|Any CPU.ActiveCfg = Debug|Any CPU
		{4545B88F-2368-45FB-9A93-AFC934FE6967}.Debug|Any CPU.Build.0 = Debug|Any CPU
		{4545B88F-2368-45FB-9A93-AFC934FE6967}.Release|Any CPU.ActiveCfg = Release|Any CPU
		{4545B88F-2368-45FB-9A93-AFC934FE6967}.Release|Any CPU.Build.0 = Release|Any CPU
	EndGlobalSection
	GlobalSection(SolutionProperties) = preSolution
		HideSolutionNode = FALSE
	EndGlobalSection
	GlobalSection(ExtensibilityGlobals) = postSolution
		SolutionGuid = {A041DF4A-0925-48F3-86DC-D53E771878CD}
	EndGlobalSection
EndGlobal
