
Microsoft Visual Studio Solution File, Format Version 12.00
# Visual Studio Version 17
VisualStudioVersion = 17.8.34330.188
MinimumVisualStudioVersion = 10.0.40219.1
Project("{9A19103F-16F7-4668-BE54-9A1E7A4F7556}") = "UI", "UI\UI.csproj", "{1A7DC81D-E12B-4BE9-B871-63BCCB3DCD4F}"
EndProject
Project("{9A19103F-16F7-4668-BE54-9A1E7A4F7556}") = "WEB", "WEB\WEB.csproj", "{4545B88F-2368-45FB-9A93-AFC934FE6967}"
EndProject
Project("{9A19103F-16F7-4668-BE54-9A1E7A4F7556}") = "Interfaces", "Interfaces\Interfaces.csproj", "{2367564E-F7F5-4CEE-BB48-47F7380EB171}"
EndProject
Project("{FAE04EC0-301F-11D3-BF4B-00C04F79EFBC}") = "BLC", "BLC\BLC.csproj", "{579D767E-E8B6-4609-AE46-9D105742CA94}"
	ProjectSection(ProjectDependencies) = postProject
		{2367564E-F7F5-4CEE-BB48-47F7380EB171} = {2367564E-F7F5-4CEE-BB48-47F7380EB171}
	EndProjectSection
EndProject
Project("{FAE04EC0-301F-11D3-BF4B-00C04F79EFBC}") = "Core", "Core\Core.csproj", "{331735B1-E07A-41E2-8201-72BD2B1B1416}"
EndProject
Project("{FAE04EC0-301F-11D3-BF4B-00C04F79EFBC}") = "DAOMock", "DAOMock\DAOMock.csproj", "{6767B761-58A2-4A97-8354-E62E014C5A27}"
EndProject
Project("{FAE04EC0-301F-11D3-BF4B-00C04F79EFBC}") = "DAOSQL", "DAOSQL\DAOSQL.csproj", "{84FBFB90-C994-4A0A-B9FF-0C6894C39502}"
EndProject
Global
	GlobalSection(SolutionConfigurationPlatforms) = preSolution
		Debug|Any CPU = Debug|Any CPU
		Release|Any CPU = Release|Any CPU
	EndGlobalSection
	GlobalSection(ProjectConfigurationPlatforms) = postSolution
		{1A7DC81D-E12B-4BE9-B871-63BCCB3DCD4F}.Debug|Any CPU.ActiveCfg = Debug|Any CPU
		{1A7DC81D-E12B-4BE9-B871-63BCCB3DCD4F}.Debug|Any CPU.Build.0 = Debug|Any CPU
		{1A7DC81D-E12B-4BE9-B871-63BCCB3DCD4F}.Release|Any CPU.ActiveCfg = Release|Any CPU
		{1A7DC81D-E12B-4BE9-B871-63BCCB3DCD4F}.Release|Any CPU.Build.0 = Release|Any CPU
		{4545B88F-2368-45FB-9A93-AFC934FE6967}.Debug|Any CPU.ActiveCfg = Debug|Any CPU
		{4545B88F-2368-45FB-9A93-AFC934FE6967}.Debug|Any CPU.Build.0 = Debug|Any CPU
		{4545B88F-2368-45FB-9A93-AFC934FE6967}.Release|Any CPU.ActiveCfg = Release|Any CPU
		{4545B88F-2368-45FB-9A93-AFC934FE6967}.Release|Any CPU.Build.0 = Release|Any CPU
		{2367564E-F7F5-4CEE-BB48-47F7380EB171}.Debug|Any CPU.ActiveCfg = Debug|Any CPU
		{2367564E-F7F5-4CEE-BB48-47F7380EB171}.Debug|Any CPU.Build.0 = Debug|Any CPU
		{2367564E-F7F5-4CEE-BB48-47F7380EB171}.Release|Any CPU.ActiveCfg = Release|Any CPU
		{2367564E-F7F5-4CEE-BB48-47F7380EB171}.Release|Any CPU.Build.0 = Release|Any CPU
		{579D767E-E8B6-4609-AE46-9D105742CA94}.Debug|Any CPU.ActiveCfg = Debug|Any CPU
		{579D767E-E8B6-4609-AE46-9D105742CA94}.Debug|Any CPU.Build.0 = Debug|Any CPU
		{579D767E-E8B6-4609-AE46-9D105742CA94}.Release|Any CPU.ActiveCfg = Release|Any CPU
		{579D767E-E8B6-4609-AE46-9D105742CA94}.Release|Any CPU.Build.0 = Release|Any CPU
		{331735B1-E07A-41E2-8201-72BD2B1B1416}.Debug|Any CPU.ActiveCfg = Debug|Any CPU
		{331735B1-E07A-41E2-8201-72BD2B1B1416}.Debug|Any CPU.Build.0 = Debug|Any CPU
		{331735B1-E07A-41E2-8201-72BD2B1B1416}.Release|Any CPU.ActiveCfg = Release|Any CPU
		{331735B1-E07A-41E2-8201-72BD2B1B1416}.Release|Any CPU.Build.0 = Release|Any CPU
		{6767B761-58A2-4A97-8354-E62E014C5A27}.Debug|Any CPU.ActiveCfg = Debug|Any CPU
		{6767B761-58A2-4A97-8354-E62E014C5A27}.Debug|Any CPU.Build.0 = Debug|Any CPU
		{6767B761-58A2-4A97-8354-E62E014C5A27}.Release|Any CPU.ActiveCfg = Release|Any CPU
		{6767B761-58A2-4A97-8354-E62E014C5A27}.Release|Any CPU.Build.0 = Release|Any CPU
		{84FBFB90-C994-4A0A-B9FF-0C6894C39502}.Debug|Any CPU.ActiveCfg = Debug|Any CPU
		{84FBFB90-C994-4A0A-B9FF-0C6894C39502}.Debug|Any CPU.Build.0 = Debug|Any CPU
		{84FBFB90-C994-4A0A-B9FF-0C6894C39502}.Release|Any CPU.ActiveCfg = Release|Any CPU
		{84FBFB90-C994-4A0A-B9FF-0C6894C39502}.Release|Any CPU.Build.0 = Release|Any CPU
	EndGlobalSection
	GlobalSection(SolutionProperties) = preSolution
		HideSolutionNode = FALSE
	EndGlobalSection
	GlobalSection(ExtensibilityGlobals) = postSolution
		SolutionGuid = {A041DF4A-0925-48F3-86DC-D53E771878CD}
	EndGlobalSection
EndGlobal
